# THIS IS AN AUTOGENERATED FILE. DO NOT EDIT THIS FILE DIRECTLY.
# yarn lockfile v1


"@most/multicast@^1.2.4", "@most/multicast@^1.2.5":
  version "1.2.5"
  resolved "https://registry.yarnpkg.com/@most/multicast/-/multicast-1.2.5.tgz#ba5abc997f9a6511094bec117914f4959720a8fb"
  dependencies:
    "@most/prelude" "^1.4.0"

"@most/prelude@^1.4.0", "@most/prelude@^1.4.1", "@most/prelude@^1.5.0":
  version "1.5.0"
  resolved "https://registry.yarnpkg.com/@most/prelude/-/prelude-1.5.0.tgz#0c8ce09f305039d4055d3deb59c9e44cd337854d"

"@motorcycle/history@latest":
  version "5.1.0"
  resolved "https://registry.yarnpkg.com/@motorcycle/history/-/history-5.1.0.tgz#c7bb99366c3a31ec215625f2887cc889e56312de"
  dependencies:
    most "^1.2.1"
    most-subject "^5.3.0"
    prehistoric "^1.2.0"

"@motorcycle/run@latest":
  version "1.3.0"
  resolved "https://registry.yarnpkg.com/@motorcycle/run/-/run-1.3.0.tgz#88a3dd85b94a7db525d7f0dfac0fa8d858a3b723"
  dependencies:
    most "^1.2.1"
    most-subject "^5.3.0"

most-subject@^5.2.0, most-subject@^5.3.0:
  version "5.3.0"
  resolved "https://registry.yarnpkg.com/most-subject/-/most-subject-5.3.0.tgz#3a6e3efd436fa93bd8b33c2a239c9088230a6102"
  dependencies:
    "@most/multicast" "^1.2.4"
    "@most/prelude" "^1.4.1"
    most "^1.1.0"

most@^1.1.0, most@^1.1.1, most@^1.2.1:
  version "1.2.2"
  resolved "https://registry.yarnpkg.com/most/-/most-1.2.2.tgz#8f12e434ad6195ed2e1efb3ec217e0cbcf3e1de8"
  dependencies:
    "@most/multicast" "^1.2.5"
    "@most/prelude" "^1.4.0"
    symbol-observable "^1.0.2"

prehistoric@^1.2.0:
  version "1.2.0"
  resolved "https://registry.yarnpkg.com/prehistoric/-/prehistoric-1.2.0.tgz#603dcdd4782a76c235169274fc3004ffafa2ae70"
  dependencies:
    most "^1.1.1"
    most-subject "^5.2.0"

switch-path@^1.2.0:
  version "1.2.0"
  resolved "https://registry.yarnpkg.com/switch-path/-/switch-path-1.2.0.tgz#3f872cb3c7eb2b77fb9509dea4e3f3ff25ecf556"

symbol-observable@^1.0.2:
  version "1.0.4"
  resolved "https://registry.yarnpkg.com/symbol-observable/-/symbol-observable-1.0.4.tgz#29bf615d4aa7121bdd898b22d4b3f9bc4e2aa03d"
