# THIS IS AN AUTOGENERATED FILE. DO NOT EDIT THIS FILE DIRECTLY.
# yarn lockfile v1


"@briancavalier/assert@^3.4.0":
  version "3.4.0"
  resolved "https://registry.yarnpkg.com/@briancavalier/assert/-/assert-3.4.0.tgz#5c198433c3f25c882bdb125b89fb0b11c634dece"
  dependencies:
    "@most/prelude" "^1.5.0"
    lodash.isequal "^4.5.0"
    object-inspect "^1.2.1"

"@most/core@^0.4.1":
  version "0.4.1"
  resolved "https://registry.yarnpkg.com/@most/core/-/core-0.4.1.tgz#53c976a38063a45ecad5b67f7c8ea691188b540f"
  dependencies:
    "@most/disposable" "^0.4.1"
    "@most/prelude" "^1.5.2"
    "@most/scheduler" "^0.4.1"
    "@most/types" "^0.4.1"

"@most/disposable@^0.4.1":
  version "0.4.1"
  resolved "https://registry.yarnpkg.com/@most/disposable/-/disposable-0.4.1.tgz#6e37148ab684ad7a9b62a1d397a7f83ac936b9ec"
  dependencies:
    "@most/prelude" "^1.5.2"
    "@most/types" "^0.4.1"

"@most/prelude@^1.5.0", "@most/prelude@^1.5.2", "@most/prelude@^1.6.0":
  version "1.6.0"
  resolved "https://registry.yarnpkg.com/@most/prelude/-/prelude-1.6.0.tgz#4256e3a902ddf04c1f07afca2267526195072e13"

"@most/scheduler@^0.4.1":
  version "0.4.1"
  resolved "https://registry.yarnpkg.com/@most/scheduler/-/scheduler-0.4.1.tgz#d190500ef6e77e0444288bb75a4e43eeaa818e9d"
  dependencies:
    "@most/prelude" "^1.5.2"
    "@most/types" "^0.4.1"

"@most/types@^0.4.1":
  version "0.4.1"
  resolved "https://registry.yarnpkg.com/@most/types/-/types-0.4.1.tgz#b6a87ad3e974b550b943340153a777131e7771ef"

lodash.isequal@^4.5.0:
  version "4.5.0"
  resolved "https://registry.yarnpkg.com/lodash.isequal/-/lodash.isequal-4.5.0.tgz#415c4478f2bcc30120c22ce10ed3226f7d3e18e0"

object-inspect@^1.2.1:
  version "1.2.2"
  resolved "https://registry.yarnpkg.com/object-inspect/-/object-inspect-1.2.2.tgz#c82115e4fcc888aea14d64c22e4f17f6a70d5e5a"
