# THIS IS AN AUTOGENERATED FILE. DO NOT EDIT THIS FILE DIRECTLY.
# yarn lockfile v1


"@cycle/isolate@^1.4.0":
  version "1.4.0"
  resolved "https://registry.yarnpkg.com/@cycle/isolate/-/isolate-1.4.0.tgz#7cd7908a280e0695467b41c1171b1e37522233df"

"@most/dom-event@^1.3.2":
  version "1.3.2"
  resolved "https://registry.yarnpkg.com/@most/dom-event/-/dom-event-1.3.2.tgz#d82a5a9fc97d7d1408862fa5a042578b25b25cc1"

"@most/multicast@^1.2.4", "@most/multicast@^1.2.5":
  version "1.2.5"
  resolved "https://registry.yarnpkg.com/@most/multicast/-/multicast-1.2.5.tgz#ba5abc997f9a6511094bec117914f4959720a8fb"
  dependencies:
    "@most/prelude" "^1.4.0"

"@most/prelude@^1.4.0", "@most/prelude@^1.4.1":
  version "1.4.1"
  resolved "https://registry.yarnpkg.com/@most/prelude/-/prelude-1.4.1.tgz#b940b5563096f27637401618a5351f42466ea8f3"

"@motorcycle/run@latest":
  version "1.2.4"
  resolved "https://registry.yarnpkg.com/@motorcycle/run/-/run-1.2.4.tgz#317a85858f0d3b5389ad41a4f14b6a9830bf68cc"
  dependencies:
    most "^1.1.1"
    most-subject "^5.3.0"

"@types/hyperscript@0.0.1":
  version "0.0.1"
  resolved "https://registry.yarnpkg.com/@types/hyperscript/-/hyperscript-0.0.1.tgz#3a30ad62427ca82d11f59e6fffa1ac3121b4e08b"

browser-split@0.0.0:
  version "0.0.0"
  resolved "https://registry.yarnpkg.com/browser-split/-/browser-split-0.0.0.tgz#41419caef769755929dd518967d3eec0a6262771"

class-list@~0.1.0, class-list@~0.1.1:
  version "0.1.1"
  resolved "https://registry.yarnpkg.com/class-list/-/class-list-0.1.1.tgz#9b9745192c4179b5da0a0d7633658e3c70d796cb"
  dependencies:
    indexof "0.0.1"

html-element@^2.0.0:
  version "2.2.0"
  resolved "https://registry.yarnpkg.com/html-element/-/html-element-2.2.0.tgz#c3c1ff88c261db74d0af6391eef90c346f900730"
  dependencies:
    class-list "~0.1.1"

hyperscript@^2.0.2:
  version "2.0.2"
  resolved "https://registry.yarnpkg.com/hyperscript/-/hyperscript-2.0.2.tgz#3839cba45554bdfe27bb81c2142d1684f8135af5"
  dependencies:
    browser-split "0.0.0"
    class-list "~0.1.0"
    html-element "^2.0.0"

indexof@0.0.1:
  version "0.0.1"
  resolved "https://registry.yarnpkg.com/indexof/-/indexof-0.0.1.tgz#82dc336d232b9062179d05ab3293a66059fd435d"

most-subject@^5.3.0:
  version "5.3.0"
  resolved "https://registry.yarnpkg.com/most-subject/-/most-subject-5.3.0.tgz#3a6e3efd436fa93bd8b33c2a239c9088230a6102"
  dependencies:
    "@most/multicast" "^1.2.4"
    "@most/prelude" "^1.4.1"
    most "^1.1.0"

most@^1.1.0, most@^1.1.1, most@^1.2.1:
  version "1.2.1"
  resolved "https://registry.yarnpkg.com/most/-/most-1.2.1.tgz#6457a1a34ca6ef3004168a810fa025b3a56e8769"
  dependencies:
    "@most/multicast" "^1.2.5"
    "@most/prelude" "^1.4.0"
    symbol-observable "^1.0.2"

mostly-dom@^1.2.1:
  version "1.2.1"
  resolved "https://registry.yarnpkg.com/mostly-dom/-/mostly-dom-1.2.1.tgz#3f11e663deffaa65e222ae363f2c2778c2eeb25c"
  dependencies:
    "@most/prelude" "^1.4.1"

symbol-observable@^1.0.2:
  version "1.0.4"
  resolved "https://registry.yarnpkg.com/symbol-observable/-/symbol-observable-1.0.4.tgz#29bf615d4aa7121bdd898b22d4b3f9bc4e2aa03d"
